
Microsoft Visual Studio Solution File, Format Version 12.00
# Visual Studio Version 16
VisualStudioVersion = 16.0.30503.244
MinimumVisualStudioVersion = 10.0.40219.1
Project("{FAE04EC0-301F-11D3-BF4B-00C04F79EFBC}") = "Device", "Device\Device.csproj", "{D756BDA0-6357-4C5D-9CC7-B7845D3BF771}"
EndProject
Project("{2150E333-8FDC-42A3-9474-1A3956D46DE8}") = "Tests", "Tests", "{7001BB17-5E46-4114-B208-D2D8EF5F4C15}"
EndProject
Project("{FAE04EC0-301F-11D3-BF4B-00C04F79EFBC}") = "Device.Xunit.Tests", "Device.Xunit.Tests\Device.Xunit.Tests.csproj", "{D6614C35-CAB1-4C9E-8AA6-397F94545908}"
EndProject
Project("{FAE04EC0-301F-11D3-BF4B-00C04F79EFBC}") = "Service.Xunit.Tests", "Service.Xunit.Tests\Service.Xunit.Tests.csproj", "{D765C18B-9DC3-4759-B9AE-D4C9C1F426EC}"
EndProject
Project("{FAE04EC0-301F-11D3-BF4B-00C04F79EFBC}") = "Service", "Service\Service.csproj", "{FC79C63E-CFFA-4F93-A7B8-28342DD20D52}"
EndProject
Global
	GlobalSection(SolutionConfigurationPlatforms) = preSolution
		Debug|Any CPU = Debug|Any CPU
		Release|Any CPU = Release|Any CPU
	EndGlobalSection
	GlobalSection(ProjectConfigurationPlatforms) = postSolution
		{D756BDA0-6357-4C5D-9CC7-B7845D3BF771}.Debug|Any CPU.ActiveCfg = Debug|Any CPU
		{D756BDA0-6357-4C5D-9CC7-B7845D3BF771}.Debug|Any CPU.Build.0 = Debug|Any CPU
		{D756BDA0-6357-4C5D-9CC7-B7845D3BF771}.Release|Any CPU.ActiveCfg = Release|Any CPU
		{D756BDA0-6357-4C5D-9CC7-B7845D3BF771}.Release|Any CPU.Build.0 = Release|Any CPU
		{D6614C35-CAB1-4C9E-8AA6-397F94545908}.Debug|Any CPU.ActiveCfg = Debug|Any CPU
		{D6614C35-CAB1-4C9E-8AA6-397F94545908}.Debug|Any CPU.Build.0 = Debug|Any CPU
		{D6614C35-CAB1-4C9E-8AA6-397F94545908}.Release|Any CPU.ActiveCfg = Release|Any CPU
		{D6614C35-CAB1-4C9E-8AA6-397F94545908}.Release|Any CPU.Build.0 = Release|Any CPU
		{D765C18B-9DC3-4759-B9AE-D4C9C1F426EC}.Debug|Any CPU.ActiveCfg = Debug|Any CPU
		{D765C18B-9DC3-4759-B9AE-D4C9C1F426EC}.Debug|Any CPU.Build.0 = Debug|Any CPU
		{D765C18B-9DC3-4759-B9AE-D4C9C1F426EC}.Release|Any CPU.ActiveCfg = Release|Any CPU
		{D765C18B-9DC3-4759-B9AE-D4C9C1F426EC}.Release|Any CPU.Build.0 = Release|Any CPU
		{FC79C63E-CFFA-4F93-A7B8-28342DD20D52}.Debug|Any CPU.ActiveCfg = Debug|Any CPU
		{FC79C63E-CFFA-4F93-A7B8-28342DD20D52}.Debug|Any CPU.Build.0 = Debug|Any CPU
		{FC79C63E-CFFA-4F93-A7B8-28342DD20D52}.Release|Any CPU.ActiveCfg = Release|Any CPU
		{FC79C63E-CFFA-4F93-A7B8-28342DD20D52}.Release|Any CPU.Build.0 = Release|Any CPU
	EndGlobalSection
	GlobalSection(SolutionProperties) = preSolution
		HideSolutionNode = FALSE
	EndGlobalSection
	GlobalSection(NestedProjects) = preSolution
		{D6614C35-CAB1-4C9E-8AA6-397F94545908} = {7001BB17-5E46-4114-B208-D2D8EF5F4C15}
		{D765C18B-9DC3-4759-B9AE-D4C9C1F426EC} = {7001BB17-5E46-4114-B208-D2D8EF5F4C15}
	EndGlobalSection
	GlobalSection(ExtensibilityGlobals) = postSolution
		SolutionGuid = {0CA7794B-8E14-415D-A6B8-4A413AFB2BE9}
	EndGlobalSection
EndGlobal
